Microsoft Visual Studio Solution File, Format Version 12.00
# Visual Studio Version 17
VisualStudioVersion = 17.13.35913.81
MinimumVisualStudioVersion = 10.0.40219.1
Project("{FAE04EC0-301F-11D3-BF4B-00C04F79EFBC}") = "CK.Ng.Zorro.BackOffice", "CK.Ng.Zorro.BackOffice\CK.Ng.Zorro.BackOffice.csproj", "{421DE4B3-1491-D8C5-7F18-772F251230D6}"
EndProject
Project("{2150E333-8FDC-42A3-9474-1A3956D46DE8}") = "Demo", "Demo", "{02EA681E-C7D8-13C7-8484-4AC65E1B71E8}"
EndProject
Project("{FAE04EC0-301F-11D3-BF4B-00C04F79EFBC}") = "CK.Ng.Zorro.BackOffice.Demo.Host", "Demo\CK.Ng.Zorro.BackOffice.Demo.Host\CK.Ng.Zorro.BackOffice.Demo.Host.csproj", "{41A95760-98F8-6B36-0868-DBD33AD77866}"
EndProject
Project("{FAE04EC0-301F-11D3-BF4B-00C04F79EFBC}") = "CK.Ng.Zorro.BackOffice.Demo.Builder", "Demo\CK.Ng.Zorro.BackOffice.Demo.Builder\CK.Ng.Zorro.BackOffice.Demo.Builder.csproj", "{9F8BBC80-7AC9-DDA1-A7C4-BAF10AB19778}"
EndProject
Project("{FAE04EC0-301F-11D3-BF4B-00C04F79EFBC}") = "CK.Ng.Zorro.BackOffice.Demo.App", "Demo\CK.Ng.Zorro.BackOffice.Demo.App\CK.Ng.Zorro.BackOffice.Demo.App.csproj", "{9A8A6646-38CA-A822-EA2C-3456EB0461F4}"
EndProject
Project("{2150E333-8FDC-42A3-9474-1A3956D46DE8}") = "Solution Items", "Solution Items", "{475C580C-2EBC-40CD-870B-FCBCEE4B3110}"
	ProjectSection(SolutionItems) = preProject
		.editorconfig = .editorconfig
		.gitignore = .gitignore
		appveyor.yml = appveyor.yml
		Directory.Build.props = Directory.Build.props
		NuGet.config = NuGet.config
		RepositoryInfo.xml = RepositoryInfo.xml
	EndProjectSection
EndProject
Project("{FAE04EC0-301F-11D3-BF4B-00C04F79EFBC}") = "CodeCakeBuilder", "CodeCakeBuilder\CodeCakeBuilder.csproj", "{484E57FF-04CA-282B-DF8A-95F0C8587F63}"
EndProject
Project("{FAE04EC0-301F-11D3-BF4B-00C04F79EFBC}") = "CK.Ng.Zorro.Basic", "CK.Ng.Zorro.Basic\CK.Ng.Zorro.Basic.csproj", "{7212F851-5B02-4736-AB96-80BB3D35785C}"
EndProject
Project("{FAE04EC0-301F-11D3-BF4B-00C04F79EFBC}") = "CK.Ng.Zorro.Breadcrumb", "CK.Ng.Zorro.Breadcrumb\CK.Ng.Zorro.Breadcrumb.csproj", "{B3E1727E-C912-4FC0-9269-6CD8011D211E}"
EndProject
Global
	GlobalSection(SolutionConfigurationPlatforms) = preSolution
		Debug|Any CPU = Debug|Any CPU
		Release|Any CPU = Release|Any CPU
	EndGlobalSection
	GlobalSection(ProjectConfigurationPlatforms) = postSolution
		{421DE4B3-1491-D8C5-7F18-772F251230D6}.Debug|Any CPU.ActiveCfg = Debug|Any CPU
		{421DE4B3-1491-D8C5-7F18-772F251230D6}.Debug|Any CPU.Build.0 = Debug|Any CPU
		{421DE4B3-1491-D8C5-7F18-772F251230D6}.Release|Any CPU.ActiveCfg = Release|Any CPU
		{421DE4B3-1491-D8C5-7F18-772F251230D6}.Release|Any CPU.Build.0 = Release|Any CPU
		{41A95760-98F8-6B36-0868-DBD33AD77866}.Debug|Any CPU.ActiveCfg = Debug|Any CPU
		{41A95760-98F8-6B36-0868-DBD33AD77866}.Debug|Any CPU.Build.0 = Debug|Any CPU
		{41A95760-98F8-6B36-0868-DBD33AD77866}.Release|Any CPU.ActiveCfg = Release|Any CPU
		{41A95760-98F8-6B36-0868-DBD33AD77866}.Release|Any CPU.Build.0 = Release|Any CPU
		{9F8BBC80-7AC9-DDA1-A7C4-BAF10AB19778}.Debug|Any CPU.ActiveCfg = Debug|Any CPU
		{9F8BBC80-7AC9-DDA1-A7C4-BAF10AB19778}.Debug|Any CPU.Build.0 = Debug|Any CPU
		{9F8BBC80-7AC9-DDA1-A7C4-BAF10AB19778}.Release|Any CPU.ActiveCfg = Release|Any CPU
		{9F8BBC80-7AC9-DDA1-A7C4-BAF10AB19778}.Release|Any CPU.Build.0 = Release|Any CPU
		{9A8A6646-38CA-A822-EA2C-3456EB0461F4}.Debug|Any CPU.ActiveCfg = Debug|Any CPU
		{9A8A6646-38CA-A822-EA2C-3456EB0461F4}.Debug|Any CPU.Build.0 = Debug|Any CPU
		{9A8A6646-38CA-A822-EA2C-3456EB0461F4}.Release|Any CPU.ActiveCfg = Release|Any CPU
		{9A8A6646-38CA-A822-EA2C-3456EB0461F4}.Release|Any CPU.Build.0 = Release|Any CPU
		{484E57FF-04CA-282B-DF8A-95F0C8587F63}.Debug|Any CPU.ActiveCfg = Debug|Any CPU
		{484E57FF-04CA-282B-DF8A-95F0C8587F63}.Debug|Any CPU.Build.0 = Debug|Any CPU
		{484E57FF-04CA-282B-DF8A-95F0C8587F63}.Release|Any CPU.ActiveCfg = Release|Any CPU
		{484E57FF-04CA-282B-DF8A-95F0C8587F63}.Release|Any CPU.Build.0 = Release|Any CPU
		{7212F851-5B02-4736-AB96-80BB3D35785C}.Debug|Any CPU.ActiveCfg = Debug|Any CPU
		{7212F851-5B02-4736-AB96-80BB3D35785C}.Debug|Any CPU.Build.0 = Debug|Any CPU
		{7212F851-5B02-4736-AB96-80BB3D35785C}.Release|Any CPU.ActiveCfg = Release|Any CPU
		{7212F851-5B02-4736-AB96-80BB3D35785C}.Release|Any CPU.Build.0 = Release|Any CPU
		{B3E1727E-C912-4FC0-9269-6CD8011D211E}.Debug|Any CPU.ActiveCfg = Debug|Any CPU
		{B3E1727E-C912-4FC0-9269-6CD8011D211E}.Debug|Any CPU.Build.0 = Debug|Any CPU
		{B3E1727E-C912-4FC0-9269-6CD8011D211E}.Release|Any CPU.ActiveCfg = Release|Any CPU
		{B3E1727E-C912-4FC0-9269-6CD8011D211E}.Release|Any CPU.Build.0 = Release|Any CPU
	EndGlobalSection
	GlobalSection(SolutionProperties) = preSolution
		HideSolutionNode = FALSE
	EndGlobalSection
	GlobalSection(NestedProjects) = preSolution
		{41A95760-98F8-6B36-0868-DBD33AD77866} = {02EA681E-C7D8-13C7-8484-4AC65E1B71E8}
		{9F8BBC80-7AC9-DDA1-A7C4-BAF10AB19778} = {02EA681E-C7D8-13C7-8484-4AC65E1B71E8}
		{9A8A6646-38CA-A822-EA2C-3456EB0461F4} = {02EA681E-C7D8-13C7-8484-4AC65E1B71E8}
	EndGlobalSection
	GlobalSection(ExtensibilityGlobals) = postSolution
		SolutionGuid = {0A9BE70F-C64C-4CD5-BE32-7738EC2BCB88}
	EndGlobalSection
EndGlobal
